# This file is automatically @generated by Cargo.
# It is not intended for manual editing.
version = 4

[[package]]
name = "gp-ai"
version = "0.1.0"
dependencies = [
 "gp-core",
]

[[package]]
name = "gp-core"
version = "0.1.0"

[[package]]
name = "gp-game"
version = "0.1.0"
dependencies = [
 "gp-ai",
 "gp-core",
 "gp-gen",
 "gp-render",
]

[[package]]
name = "gp-gen"
version = "0.1.0"
dependencies = [
 "gp-core",
]

[[package]]
name = "gp-render"
version = "0.1.0"
dependencies = [
 "gp-core",
]
